
Microsoft Visual Studio Solution File, Format Version 12.00
# Visual Studio Version 17
VisualStudioVersion = 17.0.31710.8
MinimumVisualStudioVersion = 10.0.40219.1
Project("{9A19103F-16F7-4668-BE54-9A1E7A4F7556}") = "LineChartDemo", "LineChartDemo\LineChartDemo.csproj", "{006EB935-FC0C-4D89-970E-E998EB8167AF}"
EndProject
Global
	GlobalSection(SolutionConfigurationPlatforms) = preSolution
		Debug|Any CPU = Debug|Any CPU
		Release|Any CPU = Release|Any CPU
	EndGlobalSection
	GlobalSection(ProjectConfigurationPlatforms) = postSolution
		{006EB935-FC0C-4D89-970E-E998EB8167AF}.Debug|Any CPU.ActiveCfg = Debug|Any CPU
		{006EB935-FC0C-4D89-970E-E998EB8167AF}.Debug|Any CPU.Build.0 = Debug|Any CPU
		{006EB935-FC0C-4D89-970E-E998EB8167AF}.Debug|Any CPU.Deploy.0 = Debug|Any CPU
		{006EB935-FC0C-4D89-970E-E998EB8167AF}.Release|Any CPU.ActiveCfg = Release|Any CPU
		{006EB935-FC0C-4D89-970E-E998EB8167AF}.Release|Any CPU.Build.0 = Release|Any CPU
		{006EB935-FC0C-4D89-970E-E998EB8167AF}.Release|Any CPU.Deploy.0 = Release|Any CPU
	EndGlobalSection
	GlobalSection(SolutionProperties) = preSolution
		HideSolutionNode = FALSE
	EndGlobalSection
	GlobalSection(ExtensibilityGlobals) = postSolution
		SolutionGuid = {2D1F2E5D-D9DC-40E0-A728-5F9752C7E8C0}
	EndGlobalSection
EndGlobal
